// !$*UTF8*$!
{
	archiveVersion = 1;
	classes = {
	};
	objectVersion = 50;
	objects = {

/* Begin PBXBuildFile section */
		84204BC42941E6B000292C52 /* AppDelegate.swift in Sources */ = {isa = PBXBuildFile; fileRef = 84204BC32941E6B000292C52 /* AppDelegate.swift */; };
		84204BCF2941E6B400292C52 /* Assets.xcassets in Resources */ = {isa = PBXBuildFile; fileRef = 84204BCE2941E6B400292C52 /* Assets.xcassets */; };
		84204BDD2941E6B400292C52 /* bestCarOffersTests.swift in Sources */ = {isa = PBXBuildFile; fileRef = 84204BDC2941E6B400292C52 /* bestCarOffersTests.swift */; };
		84204BE82941E6B400292C52 /* bestCarOffersUITests.swift in Sources */ = {isa = PBXBuildFile; fileRef = 84204BE72941E6B400292C52 /* bestCarOffersUITests.swift */; };
		84204C082941EDA800292C52 /* AppDependencies.swift in Sources */ = {isa = PBXBuildFile; fileRef = 84204C072941EDA800292C52 /* AppDependencies.swift */; };
		84204C0E2941EE0700292C52 /* CarItem.swift in Sources */ = {isa = PBXBuildFile; fileRef = 84204C0D2941EE0700292C52 /* CarItem.swift */; };
		84204C1C2941EECA00292C52 /* ListInteractorIO.swift in Sources */ = {isa = PBXBuildFile; fileRef = 84204C192941EEC900292C52 /* ListInteractorIO.swift */; };
		84204C1D2941EECA00292C52 /* UpcomingItem.swift in Sources */ = {isa = PBXBuildFile; fileRef = 84204C1A2941EECA00292C52 /* UpcomingItem.swift */; };
		84204C1E2941EECA00292C52 /* ListInteractor.swift in Sources */ = {isa = PBXBuildFile; fileRef = 84204C1B2941EECA00292C52 /* ListInteractor.swift */; };
		84204C232941EEE900292C52 /* ListDataManager.swift in Sources */ = {isa = PBXBuildFile; fileRef = 84204C222941EEE900292C52 /* ListDataManager.swift */; };
		84204C282941EF0A00292C52 /* ListModuleInterface.swift in Sources */ = {isa = PBXBuildFile; fileRef = 84204C272941EF0A00292C52 /* ListModuleInterface.swift */; };
		84204C342941EF5E00292C52 /* UpcomingDisplayDataCollection.swift in Sources */ = {isa = PBXBuildFile; fileRef = 84204C2F2941EF5E00292C52 /* UpcomingDisplayDataCollection.swift */; };
		84204C352941EF5E00292C52 /* UpcomingDisplayItem.swift in Sources */ = {isa = PBXBuildFile; fileRef = 84204C302941EF5E00292C52 /* UpcomingDisplayItem.swift */; };
		84204C362941EF5E00292C52 /* UpcomingDisplayData.swift in Sources */ = {isa = PBXBuildFile; fileRef = 84204C312941EF5E00292C52 /* UpcomingDisplayData.swift */; };
		84204C372941EF5E00292C52 /* ListPresenter.swift in Sources */ = {isa = PBXBuildFile; fileRef = 84204C322941EF5E00292C52 /* ListPresenter.swift */; };
		84204C3E2941EF7D00292C52 /* ListViewController.swift in Sources */ = {isa = PBXBuildFile; fileRef = 84204C3C2941EF7D00292C52 /* ListViewController.swift */; };
		84204C3F2941EF7D00292C52 /* ListViewInterface.swift in Sources */ = {isa = PBXBuildFile; fileRef = 84204C3D2941EF7D00292C52 /* ListViewInterface.swift */; };
		84204C442941EF9E00292C52 /* ListWireframe.swift in Sources */ = {isa = PBXBuildFile; fileRef = 84204C432941EF9E00292C52 /* ListWireframe.swift */; };
		84204C4A2941EFD800292C52 /* RootWireframe.swift in Sources */ = {isa = PBXBuildFile; fileRef = 84204C492941EFD800292C52 /* RootWireframe.swift */; };
		84204C502941EFFF00292C52 /* DataStore.swift in Sources */ = {isa = PBXBuildFile; fileRef = 84204C4F2941EFFF00292C52 /* DataStore.swift */; };
		84204C592941F0C000292C52 /* Main.storyboard in Resources */ = {isa = PBXBuildFile; fileRef = 84204C572941F0C000292C52 /* Main.storyboard */; };
		84204C6E294217F100292C52 /* LaunchScreen.storyboard in Resources */ = {isa = PBXBuildFile; fileRef = 84204C6C294217F100292C52 /* LaunchScreen.storyboard */; };
		84204C7F2943480000292C52 /* DetailsWireframe.swift in Sources */ = {isa = PBXBuildFile; fileRef = 84204C7E2943480000292C52 /* DetailsWireframe.swift */; };
		84204C882943521300292C52 /* DetailsViewController.swift in Sources */ = {isa = PBXBuildFile; fileRef = 84204C872943521300292C52 /* DetailsViewController.swift */; };
		84204C8D2943812300292C52 /* DetailsViewInterface.swift in Sources */ = {isa = PBXBuildFile; fileRef = 84204C8C2943812300292C52 /* DetailsViewInterface.swift */; };
		84204C942943823200292C52 /* DetailsPresenter.swift in Sources */ = {isa = PBXBuildFile; fileRef = 84204C932943823200292C52 /* DetailsPresenter.swift */; };
		84204C9B2943840D00292C52 /* DetailsInteractorIO.swift in Sources */ = {isa = PBXBuildFile; fileRef = 84204C9A2943840D00292C52 /* DetailsInteractorIO.swift */; };
		84204CA0294387A500292C52 /* DetailsInteractor.swift in Sources */ = {isa = PBXBuildFile; fileRef = 84204C9F294387A500292C52 /* DetailsInteractor.swift */; };
		84204CA62943892800292C52 /* DetailsDataManager.swift in Sources */ = {isa = PBXBuildFile; fileRef = 84204CA52943892800292C52 /* DetailsDataManager.swift */; };
		84204CAC2944674200292C52 /* DetailsModuleInterface.swift in Sources */ = {isa = PBXBuildFile; fileRef = 84204CAB2944674200292C52 /* DetailsModuleInterface.swift */; };
		84204CBA2944A24000292C52 /* ListCell.swift in Sources */ = {isa = PBXBuildFile; fileRef = 84204CB92944A24000292C52 /* ListCell.swift */; };
/* End PBXBuildFile section */

/* Begin PBXContainerItemProxy section */
		84204BD92941E6B400292C52 /* PBXContainerItemProxy */ = {
			isa = PBXContainerItemProxy;
			containerPortal = 84204BB82941E6AF00292C52 /* Project object */;
			proxyType = 1;
			remoteGlobalIDString = 84204BBF2941E6B000292C52;
			remoteInfo = bestCarOffers;
		};
		84204BE42941E6B400292C52 /* PBXContainerItemProxy */ = {
			isa = PBXContainerItemProxy;
			containerPortal = 84204BB82941E6AF00292C52 /* Project object */;
			proxyType = 1;
			remoteGlobalIDString = 84204BBF2941E6B000292C52;
			remoteInfo = bestCarOffers;
		};
/* End PBXContainerItemProxy section */

/* Begin PBXFileReference section */
		84204BC02941E6B000292C52 /* bestCarOffers.app */ = {isa = PBXFileReference; explicitFileType = wrapper.application; includeInIndex = 0; path = bestCarOffers.app; sourceTree = BUILT_PRODUCTS_DIR; };
		84204BC32941E6B000292C52 /* AppDelegate.swift */ = {isa = PBXFileReference; lastKnownFileType = sourcecode.swift; path = AppDelegate.swift; sourceTree = "<group>"; };
		84204BCE2941E6B400292C52 /* Assets.xcassets */ = {isa = PBXFileReference; lastKnownFileType = folder.assetcatalog; path = Assets.xcassets; sourceTree = "<group>"; };
		84204BD32941E6B400292C52 /* Info.plist */ = {isa = PBXFileReference; lastKnownFileType = text.plist.xml; path = Info.plist; sourceTree = "<group>"; };
		84204BD82941E6B400292C52 /* bestCarOffersTests.xctest */ = {isa = PBXFileReference; explicitFileType = wrapper.cfbundle; includeInIndex = 0; path = bestCarOffersTests.xctest; sourceTree = BUILT_PRODUCTS_DIR; };
		84204BDC2941E6B400292C52 /* bestCarOffersTests.swift */ = {isa = PBXFileReference; lastKnownFileType = sourcecode.swift; path = bestCarOffersTests.swift; sourceTree = "<group>"; };
		84204BDE2941E6B400292C52 /* Info.plist */ = {isa = PBXFileReference; lastKnownFileType = text.plist.xml; path = Info.plist; sourceTree = "<group>"; };
		84204BE32941E6B400292C52 /* bestCarOffersUITests.xctest */ = {isa = PBXFileReference; explicitFileType = wrapper.cfbundle; includeInIndex = 0; path = bestCarOffersUITests.xctest; sourceTree = BUILT_PRODUCTS_DIR; };
		84204BE72941E6B400292C52 /* bestCarOffersUITests.swift */ = {isa = PBXFileReference; lastKnownFileType = sourcecode.swift; path = bestCarOffersUITests.swift; sourceTree = "<group>"; };
		84204BE92941E6B400292C52 /* Info.plist */ = {isa = PBXFileReference; lastKnownFileType = text.plist.xml; path = Info.plist; sourceTree = "<group>"; };
		84204C072941EDA800292C52 /* AppDependencies.swift */ = {isa = PBXFileReference; fileEncoding = 4; lastKnownFileType = sourcecode.swift; path = AppDependencies.swift; sourceTree = "<group>"; };
		84204C0D2941EE0700292C52 /* CarItem.swift */ = {isa = PBXFileReference; fileEncoding = 4; lastKnownFileType = sourcecode.swift; path = CarItem.swift; sourceTree = "<group>"; };
		84204C192941EEC900292C52 /* ListInteractorIO.swift */ = {isa = PBXFileReference; fileEncoding = 4; lastKnownFileType = sourcecode.swift; path = ListInteractorIO.swift; sourceTree = "<group>"; };
		84204C1A2941EECA00292C52 /* UpcomingItem.swift */ = {isa = PBXFileReference; fileEncoding = 4; lastKnownFileType = sourcecode.swift; path = UpcomingItem.swift; sourceTree = "<group>"; };
		84204C1B2941EECA00292C52 /* ListInteractor.swift */ = {isa = PBXFileReference; fileEncoding = 4; lastKnownFileType = sourcecode.swift; path = ListInteractor.swift; sourceTree = "<group>"; };
		84204C222941EEE900292C52 /* ListDataManager.swift */ = {isa = PBXFileReference; fileEncoding = 4; lastKnownFileType = sourcecode.swift; path = ListDataManager.swift; sourceTree = "<group>"; };
		84204C272941EF0A00292C52 /* ListModuleInterface.swift */ = {isa = PBXFileReference; fileEncoding = 4; lastKnownFileType = sourcecode.swift; path = ListModuleInterface.swift; sourceTree = "<group>"; };
		84204C2F2941EF5E00292C52 /* UpcomingDisplayDataCollection.swift */ = {isa = PBXFileReference; fileEncoding = 4; lastKnownFileType = sourcecode.swift; path = UpcomingDisplayDataCollection.swift; sourceTree = "<group>"; };
		84204C302941EF5E00292C52 /* UpcomingDisplayItem.swift */ = {isa = PBXFileReference; fileEncoding = 4; lastKnownFileType = sourcecode.swift; path = UpcomingDisplayItem.swift; sourceTree = "<group>"; };
		84204C312941EF5E00292C52 /* UpcomingDisplayData.swift */ = {isa = PBXFileReference; fileEncoding = 4; lastKnownFileType = sourcecode.swift; path = UpcomingDisplayData.swift; sourceTree = "<group>"; };
		84204C322941EF5E00292C52 /* ListPresenter.swift */ = {isa = PBXFileReference; fileEncoding = 4; lastKnownFileType = sourcecode.swift; path = ListPresenter.swift; sourceTree = "<group>"; };
		84204C3C2941EF7D00292C52 /* ListViewController.swift */ = {isa = PBXFileReference; fileEncoding = 4; lastKnownFileType = sourcecode.swift; path = ListViewController.swift; sourceTree = "<group>"; };
		84204C3D2941EF7D00292C52 /* ListViewInterface.swift */ = {isa = PBXFileReference; fileEncoding = 4; lastKnownFileType = sourcecode.swift; path = ListViewInterface.swift; sourceTree = "<group>"; };
		84204C432941EF9E00292C52 /* ListWireframe.swift */ = {isa = PBXFileReference; fileEncoding = 4; lastKnownFileType = sourcecode.swift; path = ListWireframe.swift; sourceTree = "<group>"; };
		84204C492941EFD800292C52 /* RootWireframe.swift */ = {isa = PBXFileReference; fileEncoding = 4; lastKnownFileType = sourcecode.swift; path = RootWireframe.swift; sourceTree = "<group>"; };
		84204C4F2941EFFF00292C52 /* DataStore.swift */ = {isa = PBXFileReference; fileEncoding = 4; lastKnownFileType = sourcecode.swift; path = DataStore.swift; sourceTree = "<group>"; };
		84204C582941F0C000292C52 /* Base */ = {isa = PBXFileReference; lastKnownFileType = file.storyboard; name = Base; path = Base.lproj/Main.storyboard; sourceTree = "<group>"; };
		84204C6D294217F100292C52 /* Base */ = {isa = PBXFileReference; lastKnownFileType = file.storyboard; name = Base; path = Base.lproj/LaunchScreen.storyboard; sourceTree = "<group>"; };
		84204C7E2943480000292C52 /* DetailsWireframe.swift */ = {isa = PBXFileReference; lastKnownFileType = sourcecode.swift; path = DetailsWireframe.swift; sourceTree = "<group>"; };
		84204C872943521300292C52 /* DetailsViewController.swift */ = {isa = PBXFileReference; lastKnownFileType = sourcecode.swift; path = DetailsViewController.swift; sourceTree = "<group>"; };
		84204C8C2943812300292C52 /* DetailsViewInterface.swift */ = {isa = PBXFileReference; lastKnownFileType = sourcecode.swift; path = DetailsViewInterface.swift; sourceTree = "<group>"; };
		84204C932943823200292C52 /* DetailsPresenter.swift */ = {isa = PBXFileReference; lastKnownFileType = sourcecode.swift; path = DetailsPresenter.swift; sourceTree = "<group>"; };
		84204C9A2943840D00292C52 /* DetailsInteractorIO.swift */ = {isa = PBXFileReference; lastKnownFileType = sourcecode.swift; path = DetailsInteractorIO.swift; sourceTree = "<group>"; };
		84204C9F294387A500292C52 /* DetailsInteractor.swift */ = {isa = PBXFileReference; lastKnownFileType = sourcecode.swift; path = DetailsInteractor.swift; sourceTree = "<group>"; };
		84204CA52943892800292C52 /* DetailsDataManager.swift */ = {isa = PBXFileReference; lastKnownFileType = sourcecode.swift; path = DetailsDataManager.swift; sourceTree = "<group>"; };
		84204CAB2944674200292C52 /* DetailsModuleInterface.swift */ = {isa = PBXFileReference; lastKnownFileType = sourcecode.swift; path = DetailsModuleInterface.swift; sourceTree = "<group>"; };
		84204CB92944A24000292C52 /* ListCell.swift */ = {isa = PBXFileReference; lastKnownFileType = sourcecode.swift; path = ListCell.swift; sourceTree = "<group>"; };
/* End PBXFileReference section */

/* Begin PBXFrameworksBuildPhase section */
		84204BBD2941E6B000292C52 /* Frameworks */ = {
			isa = PBXFrameworksBuildPhase;
			buildActionMask = 2147483647;
			files = (
			);
			runOnlyForDeploymentPostprocessing = 0;
		};
		84204BD52941E6B400292C52 /* Frameworks */ = {
			isa = PBXFrameworksBuildPhase;
			buildActionMask = 2147483647;
			files = (
			);
			runOnlyForDeploymentPostprocessing = 0;
		};
		84204BE02941E6B400292C52 /* Frameworks */ = {
			isa = PBXFrameworksBuildPhase;
			buildActionMask = 2147483647;
			files = (
			);
			runOnlyForDeploymentPostprocessing = 0;
		};
/* End PBXFrameworksBuildPhase section */

/* Begin PBXGroup section */
		84204BB72941E6AF00292C52 = {
			isa = PBXGroup;
			children = (
				84204BC22941E6B000292C52 /* bestCarOffers */,
				84204BDB2941E6B400292C52 /* bestCarOffersTests */,
				84204BE62941E6B400292C52 /* bestCarOffersUITests */,
				84204BC12941E6B000292C52 /* Products */,
			);
			sourceTree = "<group>";
		};
		84204BC12941E6B000292C52 /* Products */ = {
			isa = PBXGroup;
			children = (
				84204BC02941E6B000292C52 /* bestCarOffers.app */,
				84204BD82941E6B400292C52 /* bestCarOffersTests.xctest */,
				84204BE32941E6B400292C52 /* bestCarOffersUITests.xctest */,
			);
			name = Products;
			sourceTree = "<group>";
		};
		84204BC22941E6B000292C52 /* bestCarOffers */ = {
			isa = PBXGroup;
			children = (
				84204C0C2941EDE500292C52 /* Model */,
				84204C122941EE1700292C52 /* Modules */,
				84204C4E2941EFE500292C52 /* Store */,
				84204C482941EFB900292C52 /* View */,
				84204C072941EDA800292C52 /* AppDependencies.swift */,
				84204BC32941E6B000292C52 /* AppDelegate.swift */,
				84204BCE2941E6B400292C52 /* Assets.xcassets */,
				84204C572941F0C000292C52 /* Main.storyboard */,
				84204C6C294217F100292C52 /* LaunchScreen.storyboard */,
				84204BD32941E6B400292C52 /* Info.plist */,
			);
			path = bestCarOffers;
			sourceTree = "<group>";
		};
		84204BDB2941E6B400292C52 /* bestCarOffersTests */ = {
			isa = PBXGroup;
			children = (
				84204BDC2941E6B400292C52 /* bestCarOffersTests.swift */,
				84204BDE2941E6B400292C52 /* Info.plist */,
			);
			path = bestCarOffersTests;
			sourceTree = "<group>";
		};
		84204BE62941E6B400292C52 /* bestCarOffersUITests */ = {
			isa = PBXGroup;
			children = (
				84204BE72941E6B400292C52 /* bestCarOffersUITests.swift */,
				84204BE92941E6B400292C52 /* Info.plist */,
			);
			path = bestCarOffersUITests;
			sourceTree = "<group>";
		};
		84204C0C2941EDE500292C52 /* Model */ = {
			isa = PBXGroup;
			children = (
				84204C0D2941EE0700292C52 /* CarItem.swift */,
			);
			path = Model;
			sourceTree = "<group>";
		};
		84204C122941EE1700292C52 /* Modules */ = {
			isa = PBXGroup;
			children = (
				84204C7B2943478100292C52 /* Details */,
				84204C132941EE2A00292C52 /* List */,
			);
			path = Modules;
			sourceTree = "<group>";
		};
		84204C132941EE2A00292C52 /* List */ = {
			isa = PBXGroup;
			children = (
				84204C142941EE3700292C52 /* Application Logic */,
				84204C152941EE4200292C52 /* Module Interface */,
				84204C162941EE4D00292C52 /* User Interface */,
			);
			path = List;
			sourceTree = "<group>";
		};
		84204C142941EE3700292C52 /* Application Logic */ = {
			isa = PBXGroup;
			children = (
				84204C182941EEA800292C52 /* Interactor */,
				84204C172941EE9C00292C52 /* Manager */,
			);
			path = "Application Logic";
			sourceTree = "<group>";
		};
		84204C152941EE4200292C52 /* Module Interface */ = {
			isa = PBXGroup;
			children = (
				84204C272941EF0A00292C52 /* ListModuleInterface.swift */,
			);
			path = "Module Interface";
			sourceTree = "<group>";
		};
		84204C162941EE4D00292C52 /* User Interface */ = {
			isa = PBXGroup;
			children = (
				84204C2E2941EF3D00292C52 /* Presenter */,
				84204C2D2941EF2E00292C52 /* View */,
				84204C2C2941EF2200292C52 /* Wireframe */,
			);
			path = "User Interface";
			sourceTree = "<group>";
		};
		84204C172941EE9C00292C52 /* Manager */ = {
			isa = PBXGroup;
			children = (
				84204C222941EEE900292C52 /* ListDataManager.swift */,
			);
			path = Manager;
			sourceTree = "<group>";
		};
		84204C182941EEA800292C52 /* Interactor */ = {
			isa = PBXGroup;
			children = (
				84204C1B2941EECA00292C52 /* ListInteractor.swift */,
				84204C192941EEC900292C52 /* ListInteractorIO.swift */,
				84204C1A2941EECA00292C52 /* UpcomingItem.swift */,
			);
			path = Interactor;
			sourceTree = "<group>";
		};
		84204C2C2941EF2200292C52 /* Wireframe */ = {
			isa = PBXGroup;
			children = (
				84204C432941EF9E00292C52 /* ListWireframe.swift */,
			);
			path = Wireframe;
			sourceTree = "<group>";
		};
		84204C2D2941EF2E00292C52 /* View */ = {
			isa = PBXGroup;
			children = (
				84204C3C2941EF7D00292C52 /* ListViewController.swift */,
				84204C3D2941EF7D00292C52 /* ListViewInterface.swift */,
				84204CB92944A24000292C52 /* ListCell.swift */,
			);
			path = View;
			sourceTree = "<group>";
		};
		84204C2E2941EF3D00292C52 /* Presenter */ = {
			isa = PBXGroup;
			children = (
				84204C322941EF5E00292C52 /* ListPresenter.swift */,
				84204C312941EF5E00292C52 /* UpcomingDisplayData.swift */,
				84204C2F2941EF5E00292C52 /* UpcomingDisplayDataCollection.swift */,
				84204C302941EF5E00292C52 /* UpcomingDisplayItem.swift */,
			);
			path = Presenter;
			sourceTree = "<group>";
		};
		84204C482941EFB900292C52 /* View */ = {
			isa = PBXGroup;
			children = (
				84204C492941EFD800292C52 /* RootWireframe.swift */,
			);
			path = View;
			sourceTree = "<group>";
		};
		84204C4E2941EFE500292C52 /* Store */ = {
			isa = PBXGroup;
			children = (
				84204C4F2941EFFF00292C52 /* DataStore.swift */,
			);
			path = Store;
			sourceTree = "<group>";
		};
		84204C7B2943478100292C52 /* Details */ = {
			isa = PBXGroup;
			children = (
				84204C98294383E700292C52 /* Application Logic */,
				84204CAA2944671200292C52 /* Module Interface */,
				84204C7C294347B700292C52 /* User Interface */,
			);
			path = Details;
			sourceTree = "<group>";
		};
		84204C7C294347B700292C52 /* User Interface */ = {
			isa = PBXGroup;
			children = (
				84204C922943821F00292C52 /* Presenter */,
				84204C86294351CE00292C52 /* View */,
				84204C7D294347CA00292C52 /* Wireframe */,
			);
			path = "User Interface";
			sourceTree = "<group>";
		};
		84204C7D294347CA00292C52 /* Wireframe */ = {
			isa = PBXGroup;
			children = (
				84204C7E2943480000292C52 /* DetailsWireframe.swift */,
			);
			path = Wireframe;
			sourceTree = "<group>";
		};
		84204C86294351CE00292C52 /* View */ = {
			isa = PBXGroup;
			children = (
				84204C872943521300292C52 /* DetailsViewController.swift */,
				84204C8C2943812300292C52 /* DetailsViewInterface.swift */,
			);
			path = View;
			sourceTree = "<group>";
		};
		84204C922943821F00292C52 /* Presenter */ = {
			isa = PBXGroup;
			children = (
				84204C932943823200292C52 /* DetailsPresenter.swift */,
			);
			path = Presenter;
			sourceTree = "<group>";
		};
		84204C98294383E700292C52 /* Application Logic */ = {
			isa = PBXGroup;
			children = (
				84204C99294383F800292C52 /* Interactor */,
				84204CA4294388F500292C52 /* Manager */,
			);
			path = "Application Logic";
			sourceTree = "<group>";
		};
		84204C99294383F800292C52 /* Interactor */ = {
			isa = PBXGroup;
			children = (
				84204C9F294387A500292C52 /* DetailsInteractor.swift */,
				84204C9A2943840D00292C52 /* DetailsInteractorIO.swift */,
			);
			path = Interactor;
			sourceTree = "<group>";
		};
		84204CA4294388F500292C52 /* Manager */ = {
			isa = PBXGroup;
			children = (
				84204CA52943892800292C52 /* DetailsDataManager.swift */,
			);
			path = Manager;
			sourceTree = "<group>";
		};
		84204CAA2944671200292C52 /* Module Interface */ = {
			isa = PBXGroup;
			children = (
				84204CAB2944674200292C52 /* DetailsModuleInterface.swift */,
			);
			path = "Module Interface";
			sourceTree = "<group>";
		};
/* End PBXGroup section */

/* Begin PBXNativeTarget section */
		84204BBF2941E6B000292C52 /* bestCarOffers */ = {
			isa = PBXNativeTarget;
			buildConfigurationList = 84204BEC2941E6B400292C52 /* Build configuration list for PBXNativeTarget "bestCarOffers" */;
			buildPhases = (
				84204BBC2941E6B000292C52 /* Sources */,
				84204BBD2941E6B000292C52 /* Frameworks */,
				84204BBE2941E6B000292C52 /* Resources */,
			);
			buildRules = (
			);
			dependencies = (
			);
			name = bestCarOffers;
			productName = bestCarOffers;
			productReference = 84204BC02941E6B000292C52 /* bestCarOffers.app */;
			productType = "com.apple.product-type.application";
		};
		84204BD72941E6B400292C52 /* bestCarOffersTests */ = {
			isa = PBXNativeTarget;
			buildConfigurationList = 84204BEF2941E6B400292C52 /* Build configuration list for PBXNativeTarget "bestCarOffersTests" */;
			buildPhases = (
				84204BD42941E6B400292C52 /* Sources */,
				84204BD52941E6B400292C52 /* Frameworks */,
				84204BD62941E6B400292C52 /* Resources */,
			);
			buildRules = (
			);
			dependencies = (
				84204BDA2941E6B400292C52 /* PBXTargetDependency */,
			);
			name = bestCarOffersTests;
			productName = bestCarOffersTests;
			productReference = 84204BD82941E6B400292C52 /* bestCarOffersTests.xctest */;
			productType = "com.apple.product-type.bundle.unit-test";
		};
		84204BE22941E6B400292C52 /* bestCarOffersUITests */ = {
			isa = PBXNativeTarget;
			buildConfigurationList = 84204BF22941E6B400292C52 /* Build configuration list for PBXNativeTarget "bestCarOffersUITests" */;
			buildPhases = (
				84204BDF2941E6B400292C52 /* Sources */,
				84204BE02941E6B400292C52 /* Frameworks */,
				84204BE12941E6B400292C52 /* Resources */,
			);
			buildRules = (
			);
			dependencies = (
				84204BE52941E6B400292C52 /* PBXTargetDependency */,
			);
			name = bestCarOffersUITests;
			productName = bestCarOffersUITests;
			productReference = 84204BE32941E6B400292C52 /* bestCarOffersUITests.xctest */;
			productType = "com.apple.product-type.bundle.ui-testing";
		};
/* End PBXNativeTarget section */

/* Begin PBXProject section */
		84204BB82941E6AF00292C52 /* Project object */ = {
			isa = PBXProject;
			attributes = {
				LastSwiftUpdateCheck = 1240;
				LastUpgradeCheck = 1240;
				TargetAttributes = {
					84204BBF2941E6B000292C52 = {
						CreatedOnToolsVersion = 12.4;
					};
					84204BD72941E6B400292C52 = {
						CreatedOnToolsVersion = 12.4;
						TestTargetID = 84204BBF2941E6B000292C52;
					};
					84204BE22941E6B400292C52 = {
						CreatedOnToolsVersion = 12.4;
						TestTargetID = 84204BBF2941E6B000292C52;
					};
				};
			};
			buildConfigurationList = 84204BBB2941E6AF00292C52 /* Build configuration list for PBXProject "bestCarOffers" */;
			compatibilityVersion = "Xcode 9.3";
			developmentRegion = en;
			hasScannedForEncodings = 0;
			knownRegions = (
				en,
				Base,
			);
			mainGroup = 84204BB72941E6AF00292C52;
			productRefGroup = 84204BC12941E6B000292C52 /* Products */;
			projectDirPath = "";
			projectRoot = "";
			targets = (
				84204BBF2941E6B000292C52 /* bestCarOffers */,
				84204BD72941E6B400292C52 /* bestCarOffersTests */,
				84204BE22941E6B400292C52 /* bestCarOffersUITests */,
			);
		};
/* End PBXProject section */

/* Begin PBXResourcesBuildPhase section */
		84204BBE2941E6B000292C52 /* Resources */ = {
			isa = PBXResourcesBuildPhase;
			buildActionMask = 2147483647;
			files = (
				84204C6E294217F100292C52 /* LaunchScreen.storyboard in Resources */,
				84204C592941F0C000292C52 /* Main.storyboard in Resources */,
				84204BCF2941E6B400292C52 /* Assets.xcassets in Resources */,
			);
			runOnlyForDeploymentPostprocessing = 0;
		};
		84204BD62941E6B400292C52 /* Resources */ = {
			isa = PBXResourcesBuildPhase;
			buildActionMask = 2147483647;
			files = (
			);
			runOnlyForDeploymentPostprocessing = 0;
		};
		84204BE12941E6B400292C52 /* Resources */ = {
			isa = PBXResourcesBuildPhase;
			buildActionMask = 2147483647;
			files = (
			);
			runOnlyForDeploymentPostprocessing = 0;
		};
/* End PBXResourcesBuildPhase section */

/* Begin PBXSourcesBuildPhase section */
		84204BBC2941E6B000292C52 /* Sources */ = {
			isa = PBXSourcesBuildPhase;
			buildActionMask = 2147483647;
			files = (
				84204C1E2941EECA00292C52 /* ListInteractor.swift in Sources */,
				84204C4A2941EFD800292C52 /* RootWireframe.swift in Sources */,
				84204C232941EEE900292C52 /* ListDataManager.swift in Sources */,
				84204C342941EF5E00292C52 /* UpcomingDisplayDataCollection.swift in Sources */,
				84204C1C2941EECA00292C52 /* ListInteractorIO.swift in Sources */,
				84204CBA2944A24000292C52 /* ListCell.swift in Sources */,
				84204C1D2941EECA00292C52 /* UpcomingItem.swift in Sources */,
				84204C502941EFFF00292C52 /* DataStore.swift in Sources */,
				84204C9B2943840D00292C52 /* DetailsInteractorIO.swift in Sources */,
				84204C3E2941EF7D00292C52 /* ListViewController.swift in Sources */,
				84204C082941EDA800292C52 /* AppDependencies.swift in Sources */,
				84204C0E2941EE0700292C52 /* CarItem.swift in Sources */,
				84204CA0294387A500292C52 /* DetailsInteractor.swift in Sources */,
				84204BC42941E6B000292C52 /* AppDelegate.swift in Sources */,
				84204C8D2943812300292C52 /* DetailsViewInterface.swift in Sources */,
				84204CAC2944674200292C52 /* DetailsModuleInterface.swift in Sources */,
				84204CA62943892800292C52 /* DetailsDataManager.swift in Sources */,
				84204C282941EF0A00292C52 /* ListModuleInterface.swift in Sources */,
				84204C362941EF5E00292C52 /* UpcomingDisplayData.swift in Sources */,
				84204C882943521300292C52 /* DetailsViewController.swift in Sources */,
				84204C442941EF9E00292C52 /* ListWireframe.swift in Sources */,
				84204C372941EF5E00292C52 /* ListPresenter.swift in Sources */,
				84204C942943823200292C52 /* DetailsPresenter.swift in Sources */,
				84204C7F2943480000292C52 /* DetailsWireframe.swift in Sources */,
				84204C3F2941EF7D00292C52 /* ListViewInterface.swift in Sources */,
				84204C352941EF5E00292C52 /* UpcomingDisplayItem.swift in Sources */,
			);
			runOnlyForDeploymentPostprocessing = 0;
		};
		84204BD42941E6B400292C52 /* Sources */ = {
			isa = PBXSourcesBuildPhase;
			buildActionMask = 2147483647;
			files = (
				84204BDD2941E6B400292C52 /* bestCarOffersTests.swift in Sources */,
			);
			runOnlyForDeploymentPostprocessing = 0;
		};
		84204BDF2941E6B400292C52 /* Sources */ = {
			isa = PBXSourcesBuildPhase;
			buildActionMask = 2147483647;
			files = (
				84204BE82941E6B400292C52 /* bestCarOffersUITests.swift in Sources */,
			);
			runOnlyForDeploymentPostprocessing = 0;
		};
/* End PBXSourcesBuildPhase section */

/* Begin PBXTargetDependency section */
		84204BDA2941E6B400292C52 /* PBXTargetDependency */ = {
			isa = PBXTargetDependency;
			target = 84204BBF2941E6B000292C52 /* bestCarOffers */;
			targetProxy = 84204BD92941E6B400292C52 /* PBXContainerItemProxy */;
		};
		84204BE52941E6B400292C52 /* PBXTargetDependency */ = {
			isa = PBXTargetDependency;
			target = 84204BBF2941E6B000292C52 /* bestCarOffers */;
			targetProxy = 84204BE42941E6B400292C52 /* PBXContainerItemProxy */;
		};
/* End PBXTargetDependency section */

/* Begin PBXVariantGroup section */
		84204C572941F0C000292C52 /* Main.storyboard */ = {
			isa = PBXVariantGroup;
			children = (
				84204C582941F0C000292C52 /* Base */,
			);
			name = Main.storyboard;
			sourceTree = "<group>";
		};
		84204C6C294217F100292C52 /* LaunchScreen.storyboard */ = {
			isa = PBXVariantGroup;
			children = (
				84204C6D294217F100292C52 /* Base */,
			);
			name = LaunchScreen.storyboard;
			sourceTree = "<group>";
		};
/* End PBXVariantGroup section */

/* Begin XCBuildConfiguration section */
		84204BEA2941E6B400292C52 /* Debug */ = {
			isa = XCBuildConfiguration;
			buildSettings = {
				ALWAYS_SEARCH_USER_PATHS = NO;
				CLANG_ANALYZER_NONNULL = YES;
				CLANG_ANALYZER_NUMBER_OBJECT_CONVERSION = YES_AGGRESSIVE;
				CLANG_CXX_LANGUAGE_STANDARD = "gnu++14";
				CLANG_CXX_LIBRARY = "libc++";
				CLANG_ENABLE_MODULES = YES;
				CLANG_ENABLE_OBJC_ARC = YES;
				CLANG_ENABLE_OBJC_WEAK = YES;
				CLANG_WARN_BLOCK_CAPTURE_AUTORELEASING = YES;
				CLANG_WARN_BOOL_CONVERSION = YES;
				CLANG_WARN_COMMA = YES;
				CLANG_WARN_CONSTANT_CONVERSION = YES;
				CLANG_WARN_DEPRECATED_OBJC_IMPLEMENTATIONS = YES;
				CLANG_WARN_DIRECT_OBJC_ISA_USAGE = YES_ERROR;
				CLANG_WARN_DOCUMENTATION_COMMENTS = YES;
				CLANG_WARN_EMPTY_BODY = YES;
				CLANG_WARN_ENUM_CONVERSION = YES;
				CLANG_WARN_INFINITE_RECURSION = YES;
				CLANG_WARN_INT_CONVERSION = YES;
				CLANG_WARN_NON_LITERAL_NULL_CONVERSION = YES;
				CLANG_WARN_OBJC_IMPLICIT_RETAIN_SELF = YES;
				CLANG_WARN_OBJC_LITERAL_CONVERSION = YES;
				CLANG_WARN_OBJC_ROOT_CLASS = YES_ERROR;
				CLANG_WARN_QUOTED_INCLUDE_IN_FRAMEWORK_HEADER = YES;
				CLANG_WARN_RANGE_LOOP_ANALYSIS = YES;
				CLANG_WARN_STRICT_PROTOTYPES = YES;
				CLANG_WARN_SUSPICIOUS_MOVE = YES;
				CLANG_WARN_UNGUARDED_AVAILABILITY = YES_AGGRESSIVE;
				CLANG_WARN_UNREACHABLE_CODE = YES;
				CLANG_WARN__DUPLICATE_METHOD_MATCH = YES;
				COPY_PHASE_STRIP = NO;
				DEBUG_INFORMATION_FORMAT = dwarf;
				ENABLE_STRICT_OBJC_MSGSEND = YES;
				ENABLE_TESTABILITY = YES;
				GCC_C_LANGUAGE_STANDARD = gnu11;
				GCC_DYNAMIC_NO_PIC = NO;
				GCC_NO_COMMON_BLOCKS = YES;
				GCC_OPTIMIZATION_LEVEL = 0;
				GCC_PREPROCESSOR_DEFINITIONS = (
					"DEBUG=1",
					"$(inherited)",
				);
				GCC_WARN_64_TO_32_BIT_CONVERSION = YES;
				GCC_WARN_ABOUT_RETURN_TYPE = YES_ERROR;
				GCC_WARN_UNDECLARED_SELECTOR = YES;
				GCC_WARN_UNINITIALIZED_AUTOS = YES_AGGRESSIVE;
				GCC_WARN_UNUSED_FUNCTION = YES;
				GCC_WARN_UNUSED_VARIABLE = YES;
				IPHONEOS_DEPLOYMENT_TARGET = 14.4;
				MTL_ENABLE_DEBUG_INFO = INCLUDE_SOURCE;
				MTL_FAST_MATH = YES;
				ONLY_ACTIVE_ARCH = YES;
				SDKROOT = iphoneos;
				SWIFT_ACTIVE_COMPILATION_CONDITIONS = DEBUG;
				SWIFT_OPTIMIZATION_LEVEL = "-Onone";
			};
			name = Debug;
		};
		84204BEB2941E6B400292C52 /* Release */ = {
			isa = XCBuildConfiguration;
			buildSettings = {
				ALWAYS_SEARCH_USER_PATHS = NO;
				CLANG_ANALYZER_NONNULL = YES;
				CLANG_ANALYZER_NUMBER_OBJECT_CONVERSION = YES_AGGRESSIVE;
				CLANG_CXX_LANGUAGE_STANDARD = "gnu++14";
				CLANG_CXX_LIBRARY = "libc++";
				CLANG_ENABLE_MODULES = YES;
				CLANG_ENABLE_OBJC_ARC = YES;
				CLANG_ENABLE_OBJC_WEAK = YES;
				CLANG_WARN_BLOCK_CAPTURE_AUTORELEASING = YES;
				CLANG_WARN_BOOL_CONVERSION = YES;
				CLANG_WARN_COMMA = YES;
				CLANG_WARN_CONSTANT_CONVERSION = YES;
				CLANG_WARN_DEPRECATED_OBJC_IMPLEMENTATIONS = YES;
				CLANG_WARN_DIRECT_OBJC_ISA_USAGE = YES_ERROR;
				CLANG_WARN_DOCUMENTATION_COMMENTS = YES;
				CLANG_WARN_EMPTY_BODY = YES;
				CLANG_WARN_ENUM_CONVERSION = YES;
				CLANG_WARN_INFINITE_RECURSION = YES;
				CLANG_WARN_INT_CONVERSION = YES;
				CLANG_WARN_NON_LITERAL_NULL_CONVERSION = YES;
				CLANG_WARN_OBJC_IMPLICIT_RETAIN_SELF = YES;
				CLANG_WARN_OBJC_LITERAL_CONVERSION = YES;
				CLANG_WARN_OBJC_ROOT_CLASS = YES_ERROR;
				CLANG_WARN_QUOTED_INCLUDE_IN_FRAMEWORK_HEADER = YES;
				CLANG_WARN_RANGE_LOOP_ANALYSIS = YES;
				CLANG_WARN_STRICT_PROTOTYPES = YES;
				CLANG_WARN_SUSPICIOUS_MOVE = YES;
				CLANG_WARN_UNGUARDED_AVAILABILITY = YES_AGGRESSIVE;
				CLANG_WARN_UNREACHABLE_CODE = YES;
				CLANG_WARN__DUPLICATE_METHOD_MATCH = YES;
				COPY_PHASE_STRIP = NO;
				DEBUG_INFORMATION_FORMAT = "dwarf-with-dsym";
				ENABLE_NS_ASSERTIONS = NO;
				ENABLE_STRICT_OBJC_MSGSEND = YES;
				GCC_C_LANGUAGE_STANDARD = gnu11;
				GCC_NO_COMMON_BLOCKS = YES;
				GCC_WARN_64_TO_32_BIT_CONVERSION = YES;
				GCC_WARN_ABOUT_RETURN_TYPE = YES_ERROR;
				GCC_WARN_UNDECLARED_SELECTOR = YES;
				GCC_WARN_UNINITIALIZED_AUTOS = YES_AGGRESSIVE;
				GCC_WARN_UNUSED_FUNCTION = YES;
				GCC_WARN_UNUSED_VARIABLE = YES;
				IPHONEOS_DEPLOYMENT_TARGET = 14.4;
				MTL_ENABLE_DEBUG_INFO = NO;
				MTL_FAST_MATH = YES;
				SDKROOT = iphoneos;
				SWIFT_COMPILATION_MODE = wholemodule;
				SWIFT_OPTIMIZATION_LEVEL = "-O";
				VALIDATE_PRODUCT = YES;
			};
			name = Release;
		};
		84204BED2941E6B400292C52 /* Debug */ = {
			isa = XCBuildConfiguration;
			buildSettings = {
				ASSETCATALOG_COMPILER_APPICON_NAME = AppIcon;
				ASSETCATALOG_COMPILER_GLOBAL_ACCENT_COLOR_NAME = AccentColor;
				CODE_SIGN_STYLE = Automatic;
				INFOPLIST_FILE = bestCarOffers/Info.plist;
				LD_RUNPATH_SEARCH_PATHS = (
					"$(inherited)",
					"@executable_path/Frameworks",
				);
				PRODUCT_BUNDLE_IDENTIFIER = sb.bestCarOffers;
				PRODUCT_NAME = "$(TARGET_NAME)";
				SWIFT_VERSION = 5.0;
				TARGETED_DEVICE_FAMILY = "1,2";
			};
			name = Debug;
		};
		84204BEE2941E6B400292C52 /* Release */ = {
			isa = XCBuildConfiguration;
			buildSettings = {
				ASSETCATALOG_COMPILER_APPICON_NAME = AppIcon;
				ASSETCATALOG_COMPILER_GLOBAL_ACCENT_COLOR_NAME = AccentColor;
				CODE_SIGN_STYLE = Automatic;
				INFOPLIST_FILE = bestCarOffers/Info.plist;
				LD_RUNPATH_SEARCH_PATHS = (
					"$(inherited)",
					"@executable_path/Frameworks",
				);
				PRODUCT_BUNDLE_IDENTIFIER = sb.bestCarOffers;
				PRODUCT_NAME = "$(TARGET_NAME)";
				SWIFT_VERSION = 5.0;
				TARGETED_DEVICE_FAMILY = "1,2";
			};
			name = Release;
		};
		84204BF02941E6B400292C52 /* Debug */ = {
			isa = XCBuildConfiguration;
			buildSettings = {
				ALWAYS_EMBED_SWIFT_STANDARD_LIBRARIES = YES;
				BUNDLE_LOADER = "$(TEST_HOST)";
				CODE_SIGN_STYLE = Automatic;
				INFOPLIST_FILE = bestCarOffersTests/Info.plist;
				IPHONEOS_DEPLOYMENT_TARGET = 14.4;
				LD_RUNPATH_SEARCH_PATHS = (
					"$(inherited)",
					"@executable_path/Frameworks",
					"@loader_path/Frameworks",
				);
				PRODUCT_BUNDLE_IDENTIFIER = sb.bestCarOffersTests;
				PRODUCT_NAME = "$(TARGET_NAME)";
				SWIFT_VERSION = 5.0;
				TARGETED_DEVICE_FAMILY = "1,2";
				TEST_HOST = "$(BUILT_PRODUCTS_DIR)/bestCarOffers.app/bestCarOffers";
			};
			name = Debug;
		};
		84204BF12941E6B400292C52 /* Release */ = {
			isa = XCBuildConfiguration;
			buildSettings = {
				ALWAYS_EMBED_SWIFT_STANDARD_LIBRARIES = YES;
				BUNDLE_LOADER = "$(TEST_HOST)";
				CODE_SIGN_STYLE = Automatic;
				INFOPLIST_FILE = bestCarOffersTests/Info.plist;
				IPHONEOS_DEPLOYMENT_TARGET = 14.4;
				LD_RUNPATH_SEARCH_PATHS = (
					"$(inherited)",
					"@executable_path/Frameworks",
					"@loader_path/Frameworks",
				);
				PRODUCT_BUNDLE_IDENTIFIER = sb.bestCarOffersTests;
				PRODUCT_NAME = "$(TARGET_NAME)";
				SWIFT_VERSION = 5.0;
				TARGETED_DEVICE_FAMILY = "1,2";
				TEST_HOST = "$(BUILT_PRODUCTS_DIR)/bestCarOffers.app/bestCarOffers";
			};
			name = Release;
		};
		84204BF32941E6B400292C52 /* Debug */ = {
			isa = XCBuildConfiguration;
			buildSettings = {
				ALWAYS_EMBED_SWIFT_STANDARD_LIBRARIES = YES;
				CODE_SIGN_STYLE = Automatic;
				INFOPLIST_FILE = bestCarOffersUITests/Info.plist;
				LD_RUNPATH_SEARCH_PATHS = (
					"$(inherited)",
					"@executable_path/Frameworks",
					"@loader_path/Frameworks",
				);
				PRODUCT_BUNDLE_IDENTIFIER = sb.bestCarOffersUITests;
				PRODUCT_NAME = "$(TARGET_NAME)";
				SWIFT_VERSION = 5.0;
				TARGETED_DEVICE_FAMILY = "1,2";
				TEST_TARGET_NAME = bestCarOffers;
			};
			name = Debug;
		};
		84204BF42941E6B400292C52 /* Release */ = {
			isa = XCBuildConfiguration;
			buildSettings = {
				ALWAYS_EMBED_SWIFT_STANDARD_LIBRARIES = YES;
				CODE_SIGN_STYLE = Automatic;
				INFOPLIST_FILE = bestCarOffersUITests/Info.plist;
				LD_RUNPATH_SEARCH_PATHS = (
					"$(inherited)",
					"@executable_path/Frameworks",
					"@loader_path/Frameworks",
				);
				PRODUCT_BUNDLE_IDENTIFIER = sb.bestCarOffersUITests;
				PRODUCT_NAME = "$(TARGET_NAME)";
				SWIFT_VERSION = 5.0;
				TARGETED_DEVICE_FAMILY = "1,2";
				TEST_TARGET_NAME = bestCarOffers;
			};
			name = Release;
		};
/* End XCBuildConfiguration section */

/* Begin XCConfigurationList section */
		84204BBB2941E6AF00292C52 /* Build configuration list for PBXProject "bestCarOffers" */ = {
			isa = XCConfigurationList;
			buildConfigurations = (
				84204BEA2941E6B400292C52 /* Debug */,
				84204BEB2941E6B400292C52 /* Release */,
			);
			defaultConfigurationIsVisible = 0;
			defaultConfigurationName = Release;
		};
		84204BEC2941E6B400292C52 /* Build configuration list for PBXNativeTarget "bestCarOffers" */ = {
			isa = XCConfigurationList;
			buildConfigurations = (
				84204BED2941E6B400292C52 /* Debug */,
				84204BEE2941E6B400292C52 /* Release */,
			);
			defaultConfigurationIsVisible = 0;
			defaultConfigurationName = Release;
		};
		84204BEF2941E6B400292C52 /* Build configuration list for PBXNativeTarget "bestCarOffersTests" */ = {
			isa = XCConfigurationList;
			buildConfigurations = (
				84204BF02941E6B400292C52 /* Debug */,
				84204BF12941E6B400292C52 /* Release */,
			);
			defaultConfigurationIsVisible = 0;
			defaultConfigurationName = Release;
		};
		84204BF22941E6B400292C52 /* Build configuration list for PBXNativeTarget "bestCarOffersUITests" */ = {
			isa = XCConfigurationList;
			buildConfigurations = (
				84204BF32941E6B400292C52 /* Debug */,
				84204BF42941E6B400292C52 /* Release */,
			);
			defaultConfigurationIsVisible = 0;
			defaultConfigurationName = Release;
		};
/* End XCConfigurationList section */
	};
	rootObject = 84204BB82941E6AF00292C52 /* Project object */;
}
